<?xml version="1.0" encoding="utf-8"?>
<Project ToolsVersion="4.0" xmlns="http://schemas.microsoft.com/developer/msbuild/2003">
  <ItemGroup>
    <Filter Include="MultiRenderEngine">
      <UniqueIdentifier>{67DA6AB6-F800-4c08-8B7A-83BB121AAD01}</UniqueIdentifier>
      <Extensions>rc;ico;cur;bmp;dlg;rc2;rct;bin;rgs;gif;jpg;jpeg;jpe;resx;tiff;tif;png;wav;mfcribbon-ms</Extensions>
    </Filter>
    <Filter Include="Define">
      <UniqueIdentifier>{3514b07a-a938-4e9b-900e-18bec5576fa2}</UniqueIdentifier>
    </Filter>
    <Filter Include="LayoutData">
      <UniqueIdentifier>{3f773d62-eeb7-43f9-9fa2-10afbdfe59e7}</UniqueIdentifier>
    </Filter>
  </ItemGroup>
  <ItemGroup>
    <ClCompile Include="MultiRenderEngine.cpp">
      <Filter>MultiRenderEngine</Filter>
    </ClCompile>
  </ItemGroup>
  <ItemGroup>
    <ClInclude Include="MultiRenderEngine.h">
      <Filter>MultiRenderEngine</Filter>
    </ClInclude>
    <ClInclude Include="MacroDefine.h">
      <Filter>Define</Filter>
    </ClInclude>
    <ClInclude Include="MultiRenderDefine.h">
      <Filter>Define</Filter>
    </ClInclude>
    <ClInclude Include="InputLayoutData.h">
      <Filter>LayoutData</Filter>
    </ClInclude>
  </ItemGroup>
</Project>