<?xml version="1.0" encoding="utf-8"?>
<Project ToolsVersion="4.0" xmlns="http://schemas.microsoft.com/developer/msbuild/2003">
  <ItemGroup>
    <Filter Include="0.DirectX_Class">
      <UniqueIdentifier>{9474cfa0-3adb-4641-b026-434cd26e6aa2}</UniqueIdentifier>
    </Filter>
    <Filter Include="0.DirectX_Class\Define">
      <UniqueIdentifier>{045ea22a-cf30-45d2-88ec-dd738e26beeb}</UniqueIdentifier>
    </Filter>
    <Filter Include="0.DirectX_Class\Class%27s">
      <UniqueIdentifier>{4875310d-663c-4f88-90ed-cabbd8ed455b}</UniqueIdentifier>
    </Filter>
    <Filter Include="0.DirectX_Class\Class%27s\Adapter">
      <UniqueIdentifier>{dca8722f-3462-4b67-ae76-b1e8f5dd60b0}</UniqueIdentifier>
    </Filter>
    <Filter Include="0.DirectX_Class\Class%27s\Device">
      <UniqueIdentifier>{c7a629c7-7f53-4c5e-a383-11edcb151fb2}</UniqueIdentifier>
    </Filter>
    <Filter Include="0.DirectX_Class\Class%27s\DeviceContext">
      <UniqueIdentifier>{7fbe15de-5789-4d8b-82c0-e17d3eea3e4a}</UniqueIdentifier>
    </Filter>
    <Filter Include="0.DirectX_Class\Class%27s\Rasterize">
      <UniqueIdentifier>{1e428538-24e2-4714-b676-96840ce7f5c0}</UniqueIdentifier>
    </Filter>
    <Filter Include="0.DirectX_Class\Class%27s\RenderTarget">
      <UniqueIdentifier>{6c60fd56-0889-4cc0-b7e7-eb430eb9c36b}</UniqueIdentifier>
    </Filter>
    <Filter Include="0.DirectX_Class\Class%27s\SamplerState">
      <UniqueIdentifier>{39c09457-9f0b-4698-8f41-422a43195da2}</UniqueIdentifier>
    </Filter>
    <Filter Include="0.DirectX_Class\Class%27s\SwapChain">
      <UniqueIdentifier>{d35d88eb-0ff5-479e-8e7b-1515363afdf0}</UniqueIdentifier>
    </Filter>
    <Filter Include="0.DirectX_Class\Class%27s\None">
      <UniqueIdentifier>{b3268163-6b54-4379-9931-3a5014372ab2}</UniqueIdentifier>
    </Filter>
    <Filter Include="1.Engine">
      <UniqueIdentifier>{6f71c6c5-ca4d-4cb8-9c86-3b648ed45ac6}</UniqueIdentifier>
    </Filter>
    <Filter Include="2.Graphics">
      <UniqueIdentifier>{922ae72e-95c2-41d5-b0ef-4f0aaa9e860b}</UniqueIdentifier>
    </Filter>
    <Filter Include="2.Graphics\0.ViewAxis">
      <UniqueIdentifier>{6c7cf765-5a95-41ac-a13a-1add1a89834c}</UniqueIdentifier>
    </Filter>
    <Filter Include="2.Graphics\1.ViewGird">
      <UniqueIdentifier>{266f6d07-0979-46a3-afd2-affccb8d17ea}</UniqueIdentifier>
    </Filter>
    <Filter Include="2.Graphics\2.XVertex">
      <UniqueIdentifier>{0525076a-b428-4225-aae4-efc19a128994}</UniqueIdentifier>
    </Filter>
    <Filter Include="3.Shaders">
      <UniqueIdentifier>{87a9eaa0-cb08-44a3-a269-81079e98a4d1}</UniqueIdentifier>
    </Filter>
    <Filter Include="3.Shaders\HLSL">
      <UniqueIdentifier>{e1333fe0-808f-4b47-90d0-abace7ccd1d0}</UniqueIdentifier>
    </Filter>
    <Filter Include="4.Resource">
      <UniqueIdentifier>{67DA6AB6-F800-4c08-8B7A-83BB121AAD01}</UniqueIdentifier>
      <Extensions>rc;ico;cur;bmp;dlg;rc2;rct;bin;rgs;gif;jpg;jpeg;jpe;resx;tiff;tif;png;wav;mfcribbon-ms</Extensions>
    </Filter>
    <Filter Include="9999.dll">
      <UniqueIdentifier>{4FC737F1-C7A5-4376-A066-2A32D752A2FF}</UniqueIdentifier>
      <Extensions>cpp;c;cc;cxx;c++;cppm;ixx;def;odl;idl;hpj;bat;asm;asmx</Extensions>
    </Filter>
    <Filter Include="3.Shaders\ShaderClass">
      <UniqueIdentifier>{5d122e2c-65e3-481f-95fd-ad30ec43e054}</UniqueIdentifier>
    </Filter>
    <Filter Include="2.Graphics\9999.Geometry">
      <UniqueIdentifier>{6b64aa57-6115-441a-8674-e619c94a3da8}</UniqueIdentifier>
    </Filter>
    <Filter Include="3.Shaders\FX">
      <UniqueIdentifier>{8814a624-fd14-4826-9a9a-b0ac8eb4e922}</UniqueIdentifier>
    </Filter>
    <Filter Include="3.Shaders\ShaderClass\helper">
      <UniqueIdentifier>{7116b9ae-cdb2-4995-a21a-270e88b2802b}</UniqueIdentifier>
    </Filter>
    <Filter Include="2.Graphics\3.Box">
      <UniqueIdentifier>{51f70507-ad2f-4163-a556-7b8361610451}</UniqueIdentifier>
    </Filter>
  </ItemGroup>
  <ItemGroup>
    <ClCompile Include="dllmain.cpp">
      <Filter>9999.dll</Filter>
    </ClCompile>
    <ClCompile Include="X3Engine.cpp">
      <Filter>1.Engine</Filter>
    </ClCompile>
    <ClCompile Include="XVertex.cpp">
      <Filter>2.Graphics\2.XVertex</Filter>
    </ClCompile>
    <ClCompile Include="DirectXDefine.cpp">
      <Filter>0.DirectX_Class\Define</Filter>
    </ClCompile>
    <ClCompile Include="DirectXAdapter.cpp">
      <Filter>0.DirectX_Class\Class%27s\Adapter</Filter>
    </ClCompile>
    <ClCompile Include="DirectXDevice.cpp">
      <Filter>0.DirectX_Class\Class%27s\Device</Filter>
    </ClCompile>
    <ClCompile Include="DirectXDeviceContext.cpp">
      <Filter>0.DirectX_Class\Class%27s\DeviceContext</Filter>
    </ClCompile>
    <ClCompile Include="DirectXRasterizerState.cpp">
      <Filter>0.DirectX_Class\Class%27s\Rasterize</Filter>
    </ClCompile>
    <ClCompile Include="DirectXRenderTargeter.cpp">
      <Filter>0.DirectX_Class\Class%27s\RenderTarget</Filter>
    </ClCompile>
    <ClCompile Include="DirectXSamplerState.cpp">
      <Filter>0.DirectX_Class\Class%27s\SamplerState</Filter>
    </ClCompile>
    <ClCompile Include="DirectXSwapChain.cpp">
      <Filter>0.DirectX_Class\Class%27s\SwapChain</Filter>
    </ClCompile>
    <ClCompile Include="XShader.cpp">
      <Filter>3.Shaders\ShaderClass</Filter>
    </ClCompile>
    <ClCompile Include="XGeometry.cpp">
      <Filter>2.Graphics\9999.Geometry</Filter>
    </ClCompile>
    <ClCompile Include="Effects.cpp">
      <Filter>3.Shaders</Filter>
    </ClCompile>
    <ClCompile Include="LightHelper.cpp">
      <Filter>3.Shaders\ShaderClass\helper</Filter>
    </ClCompile>
    <ClCompile Include="InputLayout.cpp">
      <Filter>2.Graphics\0.ViewAxis</Filter>
    </ClCompile>
    <ClCompile Include="CBox.cpp">
      <Filter>2.Graphics\3.Box</Filter>
    </ClCompile>
    <ClCompile Include="BoxCol.cpp">
      <Filter>2.Graphics\1.ViewGird</Filter>
    </ClCompile>
  </ItemGroup>
  <ItemGroup>
    <ClInclude Include="X3Engine.h">
      <Filter>1.Engine</Filter>
    </ClInclude>
    <ClInclude Include="DirectXDefine.h">
      <Filter>0.DirectX_Class\Define</Filter>
    </ClInclude>
    <ClInclude Include="OneCompile.h">
      <Filter>0.DirectX_Class\Define</Filter>
    </ClInclude>
    <ClInclude Include="AlignedAllocationPolicy.h">
      <Filter>0.DirectX_Class\Define</Filter>
    </ClInclude>
    <ClInclude Include="XVertex.h">
      <Filter>2.Graphics\2.XVertex</Filter>
    </ClInclude>
    <ClInclude Include="WJDefine.h">
      <Filter>0.DirectX_Class\Define</Filter>
    </ClInclude>
    <ClInclude Include="DirectXAdapter.h">
      <Filter>0.DirectX_Class\Class%27s\Adapter</Filter>
    </ClInclude>
    <ClInclude Include="DirectXDevice.h">
      <Filter>0.DirectX_Class\Class%27s\Device</Filter>
    </ClInclude>
    <ClInclude Include="DirectXDeviceContext.h">
      <Filter>0.DirectX_Class\Class%27s\DeviceContext</Filter>
    </ClInclude>
    <ClInclude Include="DirectXRasterizerState.h">
      <Filter>0.DirectX_Class\Class%27s\Rasterize</Filter>
    </ClInclude>
    <ClInclude Include="DirectXRenderTargeter.h">
      <Filter>0.DirectX_Class\Class%27s\RenderTarget</Filter>
    </ClInclude>
    <ClInclude Include="DirectXSamplerState.h">
      <Filter>0.DirectX_Class\Class%27s\SamplerState</Filter>
    </ClInclude>
    <ClInclude Include="DirectXSwapChain.h">
      <Filter>0.DirectX_Class\Class%27s\SwapChain</Filter>
    </ClInclude>
    <ClInclude Include="XShader.h">
      <Filter>3.Shaders\ShaderClass</Filter>
    </ClInclude>
    <ClInclude Include="XGeometry.h">
      <Filter>2.Graphics\9999.Geometry</Filter>
    </ClInclude>
    <ClInclude Include="Effects.h">
      <Filter>3.Shaders</Filter>
    </ClInclude>
    <ClInclude Include="LightHelper.h">
      <Filter>3.Shaders\ShaderClass\helper</Filter>
    </ClInclude>
    <ClInclude Include="InputLayout.h">
      <Filter>2.Graphics\0.ViewAxis</Filter>
    </ClInclude>
    <ClInclude Include="CBox.h">
      <Filter>2.Graphics\3.Box</Filter>
    </ClInclude>
    <ClInclude Include="BoxCol.h">
      <Filter>2.Graphics\1.ViewGird</Filter>
    </ClInclude>
  </ItemGroup>
  <ItemGroup>
    <FxCompile Include="vertexShaders.hlsli">
      <Filter>3.Shaders\HLSL</Filter>
    </FxCompile>
    <FxCompile Include="pixelShaders.hlsli">
      <Filter>3.Shaders\HLSL</Filter>
    </FxCompile>
    <FxCompile Include="basic.fx">
      <Filter>3.Shaders\FX</Filter>
    </FxCompile>
    <FxCompile Include="color.fx">
      <Filter>3.Shaders\FX</Filter>
    </FxCompile>
    <FxCompile Include="LightHelper.fx">
      <Filter>3.Shaders\FX</Filter>
    </FxCompile>
    <FxCompile Include="BasicTexture.fx">
      <Filter>3.Shaders\FX</Filter>
    </FxCompile>
  </ItemGroup>
</Project>