<?xml version="1.0" encoding="utf-8"?>
<Project ToolsVersion="4.0" xmlns="http://schemas.microsoft.com/developer/msbuild/2003">
  <ItemGroup>
    <Filter Include="소스 파일">
      <UniqueIdentifier>{4FC737F1-C7A5-4376-A066-2A32D752A2FF}</UniqueIdentifier>
      <Extensions>cpp;c;cc;cxx;c++;cppm;ixx;def;odl;idl;hpj;bat;asm;asmx</Extensions>
    </Filter>
    <Filter Include="리소스 파일">
      <UniqueIdentifier>{67DA6AB6-F800-4c08-8B7A-83BB121AAD01}</UniqueIdentifier>
      <Extensions>rc;ico;cur;bmp;dlg;rc2;rct;bin;rgs;gif;jpg;jpeg;jpe;resx;tiff;tif;png;wav;mfcribbon-ms</Extensions>
    </Filter>
    <Filter Include="Engine">
      <UniqueIdentifier>{6f71c6c5-ca4d-4cb8-9c86-3b648ed45ac6}</UniqueIdentifier>
    </Filter>
    <Filter Include="DirectX">
      <UniqueIdentifier>{9474cfa0-3adb-4641-b026-434cd26e6aa2}</UniqueIdentifier>
    </Filter>
    <Filter Include="DirectX\Define">
      <UniqueIdentifier>{045ea22a-cf30-45d2-88ec-dd738e26beeb}</UniqueIdentifier>
    </Filter>
    <Filter Include="Renderer">
      <UniqueIdentifier>{93995380-89BD-4b04-88EB-625FBE52EBFB}</UniqueIdentifier>
      <Extensions>h;hh;hpp;hxx;h++;hm;inl;inc;ipp;xsd</Extensions>
    </Filter>
    <Filter Include="ViewGird">
      <UniqueIdentifier>{266f6d07-0979-46a3-afd2-affccb8d17ea}</UniqueIdentifier>
    </Filter>
    <Filter Include="XVertex">
      <UniqueIdentifier>{0525076a-b428-4225-aae4-efc19a128994}</UniqueIdentifier>
    </Filter>
    <Filter Include="Shaders">
      <UniqueIdentifier>{87a9eaa0-cb08-44a3-a269-81079e98a4d1}</UniqueIdentifier>
    </Filter>
  </ItemGroup>
  <ItemGroup>
    <ClCompile Include="dllmain.cpp">
      <Filter>소스 파일</Filter>
    </ClCompile>
    <ClCompile Include="X3Engine.cpp">
      <Filter>Engine</Filter>
    </ClCompile>
    <ClCompile Include="DirectXDevice.cpp">
      <Filter>DirectX</Filter>
    </ClCompile>
    <ClCompile Include="DirectXDeviceContext.cpp">
      <Filter>DirectX</Filter>
    </ClCompile>
    <ClCompile Include="DirectXSwapChain.cpp">
      <Filter>DirectX</Filter>
    </ClCompile>
    <ClCompile Include="DirectXAdapter.cpp">
      <Filter>DirectX</Filter>
    </ClCompile>
    <ClCompile Include="XRenderer.cpp">
      <Filter>Renderer</Filter>
    </ClCompile>
    <ClCompile Include="DirectXRasterizerState.cpp">
      <Filter>DirectX</Filter>
    </ClCompile>
    <ClCompile Include="RenderQueue.cpp">
      <Filter>DirectX\Define</Filter>
    </ClCompile>
    <ClCompile Include="DirectXRenderTargeter.cpp">
      <Filter>DirectX</Filter>
    </ClCompile>
    <ClCompile Include="ViewGrid.cpp">
      <Filter>ViewGird</Filter>
    </ClCompile>
    <ClCompile Include="XVertex.cpp">
      <Filter>XVertex</Filter>
    </ClCompile>
    <ClCompile Include="XShader.cpp">
      <Filter>Shaders</Filter>
    </ClCompile>
    <ClCompile Include="Camera.cpp">
      <Filter>소스 파일</Filter>
    </ClCompile>
  </ItemGroup>
  <ItemGroup>
    <ClInclude Include="X3Engine.h">
      <Filter>Engine</Filter>
    </ClInclude>
    <ClInclude Include="DirectXDeviceContext.h">
      <Filter>DirectX</Filter>
    </ClInclude>
    <ClInclude Include="DirectXSwapChain.h">
      <Filter>DirectX</Filter>
    </ClInclude>
    <ClInclude Include="DirectXAdapter.h">
      <Filter>DirectX</Filter>
    </ClInclude>
    <ClInclude Include="DirectXDevice.h">
      <Filter>DirectX</Filter>
    </ClInclude>
    <ClInclude Include="DirectXDefine.h">
      <Filter>DirectX\Define</Filter>
    </ClInclude>
    <ClInclude Include="OneCompile.h">
      <Filter>DirectX\Define</Filter>
    </ClInclude>
    <ClInclude Include="XRenderer.h">
      <Filter>Renderer</Filter>
    </ClInclude>
    <ClInclude Include="DirectXRasterizerState.h">
      <Filter>DirectX</Filter>
    </ClInclude>
    <ClInclude Include="RenderQueue.h">
      <Filter>DirectX\Define</Filter>
    </ClInclude>
    <ClInclude Include="DirectXRenderTargeter.h">
      <Filter>DirectX</Filter>
    </ClInclude>
    <ClInclude Include="AlignedAllocationPolicy.h">
      <Filter>DirectX\Define</Filter>
    </ClInclude>
    <ClInclude Include="ViewGrid.h">
      <Filter>ViewGird</Filter>
    </ClInclude>
    <ClInclude Include="XVertex.h">
      <Filter>XVertex</Filter>
    </ClInclude>
    <ClInclude Include="XShader.h">
      <Filter>Shaders</Filter>
    </ClInclude>
    <ClInclude Include="Camera.h">
      <Filter>소스 파일</Filter>
    </ClInclude>
    <ClInclude Include="WJDefine.h">
      <Filter>DirectX\Define</Filter>
    </ClInclude>
  </ItemGroup>
  <ItemGroup>
    <FxCompile Include="vertexShaders.hlsli">
      <Filter>Shaders</Filter>
    </FxCompile>
    <FxCompile Include="pixelShaders.hlsli">
      <Filter>Shaders</Filter>
    </FxCompile>
  </ItemGroup>
</Project>