
Microsoft Visual Studio Solution File, Format Version 12.00
# Visual Studio Version 16
VisualStudioVersion = 16.0.31005.135
MinimumVisualStudioVersion = 10.0.40219.1
Project("{8BC9CEB8-8B4A-11D0-8D11-00A0C91BC942}") = "GameClient", "GameClient\GameClient.vcxproj", "{F7B74EBE-5212-462B-9A00-DCA9CCFA7ECA}"
	ProjectSection(ProjectDependencies) = postProject
		{27AE9575-4284-4E30-804A-F3D3C73E2C7A} = {27AE9575-4284-4E30-804A-F3D3C73E2C7A}
		{DA0653A1-8789-40BC-ADEE-D29B5D09A1A4} = {DA0653A1-8789-40BC-ADEE-D29B5D09A1A4}
		{31B9DAA7-DAA1-48B4-B5B5-D895F4BB0675} = {31B9DAA7-DAA1-48B4-B5B5-D895F4BB0675}
		{AA6AEBCB-273F-4418-92FE-B311182322F1} = {AA6AEBCB-273F-4418-92FE-B311182322F1}
		{E4A020D0-ECC7-442C-ABF3-48076C2EF47A} = {E4A020D0-ECC7-442C-ABF3-48076C2EF47A}
	EndProjectSection
EndProject
Project("{8BC9CEB8-8B4A-11D0-8D11-00A0C91BC942}") = "KHParser", "KHParser\KHParser.vcxproj", "{31B9DAA7-DAA1-48B4-B5B5-D895F4BB0675}"
EndProject
Project("{8BC9CEB8-8B4A-11D0-8D11-00A0C91BC942}") = "HsGraphic", "HsGraphic\HsGraphic.vcxproj", "{AA6AEBCB-273F-4418-92FE-B311182322F1}"
	ProjectSection(ProjectDependencies) = postProject
		{31B9DAA7-DAA1-48B4-B5B5-D895F4BB0675} = {31B9DAA7-DAA1-48B4-B5B5-D895F4BB0675}
	EndProjectSection
EndProject
Project("{8BC9CEB8-8B4A-11D0-8D11-00A0C91BC942}") = "WJ_Renderer", "WJ_Renderer\WJ_Renderer.vcxproj", "{E4A020D0-ECC7-442C-ABF3-48076C2EF47A}"
EndProject
Project("{8BC9CEB8-8B4A-11D0-8D11-00A0C91BC942}") = "DirectX2DSupporter", "DirectX2DSupporter\DirectX2DSupporter.vcxproj", "{27AE9575-4284-4E30-804A-F3D3C73E2C7A}"
EndProject
Project("{8BC9CEB8-8B4A-11D0-8D11-00A0C91BC942}") = "EaterEngine", "EaterEngine\EaterEngine.vcxproj", "{DA0653A1-8789-40BC-ADEE-D29B5D09A1A4}"
EndProject
Project("{8BC9CEB8-8B4A-11D0-8D11-00A0C91BC942}") = "GameEditor", "GameEditor\GameEditor.vcxproj", "{4209A500-AF44-4424-A24B-6B3FC6A1D078}"
EndProject
Global
	GlobalSection(SolutionConfigurationPlatforms) = preSolution
		Debug|x64 = Debug|x64
		Release|x64 = Release|x64
	EndGlobalSection
	GlobalSection(ProjectConfigurationPlatforms) = postSolution
		{F7B74EBE-5212-462B-9A00-DCA9CCFA7ECA}.Debug|x64.ActiveCfg = Debug|x64
		{F7B74EBE-5212-462B-9A00-DCA9CCFA7ECA}.Debug|x64.Build.0 = Debug|x64
		{F7B74EBE-5212-462B-9A00-DCA9CCFA7ECA}.Release|x64.ActiveCfg = Release|x64
		{F7B74EBE-5212-462B-9A00-DCA9CCFA7ECA}.Release|x64.Build.0 = Release|x64
		{31B9DAA7-DAA1-48B4-B5B5-D895F4BB0675}.Debug|x64.ActiveCfg = Debug|x64
		{31B9DAA7-DAA1-48B4-B5B5-D895F4BB0675}.Debug|x64.Build.0 = Debug|x64
		{31B9DAA7-DAA1-48B4-B5B5-D895F4BB0675}.Release|x64.ActiveCfg = Release|x64
		{31B9DAA7-DAA1-48B4-B5B5-D895F4BB0675}.Release|x64.Build.0 = Release|x64
		{AA6AEBCB-273F-4418-92FE-B311182322F1}.Debug|x64.ActiveCfg = Debug|x64
		{AA6AEBCB-273F-4418-92FE-B311182322F1}.Debug|x64.Build.0 = Debug|x64
		{AA6AEBCB-273F-4418-92FE-B311182322F1}.Release|x64.ActiveCfg = Release|x64
		{AA6AEBCB-273F-4418-92FE-B311182322F1}.Release|x64.Build.0 = Release|x64
		{E4A020D0-ECC7-442C-ABF3-48076C2EF47A}.Debug|x64.ActiveCfg = Debug|x64
		{E4A020D0-ECC7-442C-ABF3-48076C2EF47A}.Debug|x64.Build.0 = Debug|x64
		{E4A020D0-ECC7-442C-ABF3-48076C2EF47A}.Release|x64.ActiveCfg = Release|x64
		{E4A020D0-ECC7-442C-ABF3-48076C2EF47A}.Release|x64.Build.0 = Release|x64
		{27AE9575-4284-4E30-804A-F3D3C73E2C7A}.Debug|x64.ActiveCfg = Debug|x64
		{27AE9575-4284-4E30-804A-F3D3C73E2C7A}.Debug|x64.Build.0 = Debug|x64
		{27AE9575-4284-4E30-804A-F3D3C73E2C7A}.Release|x64.ActiveCfg = Release|x64
		{27AE9575-4284-4E30-804A-F3D3C73E2C7A}.Release|x64.Build.0 = Release|x64
		{DA0653A1-8789-40BC-ADEE-D29B5D09A1A4}.Debug|x64.ActiveCfg = Debug|x64
		{DA0653A1-8789-40BC-ADEE-D29B5D09A1A4}.Debug|x64.Build.0 = Debug|x64
		{DA0653A1-8789-40BC-ADEE-D29B5D09A1A4}.Release|x64.ActiveCfg = Release|x64
		{DA0653A1-8789-40BC-ADEE-D29B5D09A1A4}.Release|x64.Build.0 = Release|x64
		{4209A500-AF44-4424-A24B-6B3FC6A1D078}.Debug|x64.ActiveCfg = Debug|x64
		{4209A500-AF44-4424-A24B-6B3FC6A1D078}.Debug|x64.Build.0 = Debug|x64
		{4209A500-AF44-4424-A24B-6B3FC6A1D078}.Release|x64.ActiveCfg = Release|x64
		{4209A500-AF44-4424-A24B-6B3FC6A1D078}.Release|x64.Build.0 = Release|x64
	EndGlobalSection
	GlobalSection(SolutionProperties) = preSolution
		HideSolutionNode = FALSE
	EndGlobalSection
	GlobalSection(ExtensibilityGlobals) = postSolution
		SolutionGuid = {30AF4EEF-319F-45B9-91B2-A40B264EDF60}
	EndGlobalSection
EndGlobal
