<?xml version="1.0" encoding="utf-8"?>
<Project ToolsVersion="4.0" xmlns="http://schemas.microsoft.com/developer/msbuild/2003">
  <ItemGroup>
    <Filter Include="DHEngine">
      <UniqueIdentifier>{4FC737F1-C7A5-4376-A066-2A32D752A2FF}</UniqueIdentifier>
      <Extensions>cpp;c;cc;cxx;c++;cppm;ixx;def;odl;idl;hpj;bat;asm;asmx</Extensions>
    </Filter>
    <Filter Include="DHEngine\GameTimer">
      <UniqueIdentifier>{bc29dc03-093a-49c0-8008-abe656e8acee}</UniqueIdentifier>
    </Filter>
    <Filter Include="Helper">
      <UniqueIdentifier>{8f516140-a018-4ade-8484-4bc8efdd20dd}</UniqueIdentifier>
    </Filter>
    <Filter Include="Helper\Math">
      <UniqueIdentifier>{4bc27dca-571b-4cdc-a06d-c1cd815d5a13}</UniqueIdentifier>
    </Filter>
    <Filter Include="FX">
      <UniqueIdentifier>{7e1b97b0-8340-4b9f-bef8-b1432ee5872f}</UniqueIdentifier>
    </Filter>
    <Filter Include="Helper\Effect">
      <UniqueIdentifier>{c51cfcad-12d1-4483-91e4-b98dba53993c}</UniqueIdentifier>
    </Filter>
    <Filter Include="Helper\StructHelper">
      <UniqueIdentifier>{efe08f01-7179-41be-8086-5db0acfe0a58}</UniqueIdentifier>
    </Filter>
    <Filter Include="DHEngine\DH3DEngine">
      <UniqueIdentifier>{de553894-816e-42d8-8892-89fa64e325bf}</UniqueIdentifier>
    </Filter>
    <Filter Include="Helper\FX11_2021_06_14">
      <UniqueIdentifier>{9f8edadd-da9d-4cc2-9ad4-3559c2f19dbb}</UniqueIdentifier>
    </Filter>
    <Filter Include="Helper\Non_ThreadObjectPool">
      <UniqueIdentifier>{0fd04443-211b-41b6-8fc2-2c6658adf1b8}</UniqueIdentifier>
    </Filter>
    <Filter Include="Helper\AxisGrid">
      <UniqueIdentifier>{2cce36d4-0759-468d-a427-49ce0984c5e1}</UniqueIdentifier>
    </Filter>
    <Filter Include="Helper\GeometryGenerator">
      <UniqueIdentifier>{6522a3f6-49f7-4a1e-be82-8054d44cbe2b}</UniqueIdentifier>
    </Filter>
    <Filter Include="Helper\LightHelper">
      <UniqueIdentifier>{99296dfd-3449-4655-a650-0f43fee3af2c}</UniqueIdentifier>
    </Filter>
  </ItemGroup>
  <ItemGroup>
    <ClInclude Include="DH3DEngine.h">
      <Filter>DHEngine\DH3DEngine</Filter>
    </ClInclude>
    <ClInclude Include="GameTimer.h">
      <Filter>DHEngine\GameTimer</Filter>
    </ClInclude>
    <ClInclude Include="DH3DEngineDefine.h">
      <Filter>DHEngine\DH3DEngine</Filter>
    </ClInclude>
    <ClInclude Include="MathHelper.h">
      <Filter>Helper\Math</Filter>
    </ClInclude>
    <ClInclude Include="Effects.h">
      <Filter>Helper\Effect</Filter>
    </ClInclude>
    <ClInclude Include="StructHelper.h">
      <Filter>Helper\StructHelper</Filter>
    </ClInclude>
    <ClInclude Include="DH3DEngineHeader.h">
      <Filter>DHEngine\DH3DEngine</Filter>
    </ClInclude>
    <ClInclude Include="..\Lib\FX11_2021_06_14\d3dx11effect.h">
      <Filter>Helper\FX11_2021_06_14</Filter>
    </ClInclude>
    <ClInclude Include="..\Lib\FX11_2021_06_14\d3dxGlobal.h">
      <Filter>Helper\FX11_2021_06_14</Filter>
    </ClInclude>
    <ClInclude Include="Non_ThreadObjectPool.h">
      <Filter>Helper\Non_ThreadObjectPool</Filter>
    </ClInclude>
    <ClInclude Include="AxisGrid.h">
      <Filter>Helper\AxisGrid</Filter>
    </ClInclude>
    <ClInclude Include="GeometryGenerator.h">
      <Filter>Helper\GeometryGenerator</Filter>
    </ClInclude>
    <ClInclude Include="LightHelper.h">
      <Filter>Helper\LightHelper</Filter>
    </ClInclude>
  </ItemGroup>
  <ItemGroup>
    <ClCompile Include="DH3DEngine.cpp">
      <Filter>DHEngine\DH3DEngine</Filter>
    </ClCompile>
    <ClCompile Include="GameTimer.cpp">
      <Filter>DHEngine\GameTimer</Filter>
    </ClCompile>
    <ClCompile Include="MathHelper.cpp">
      <Filter>Helper\Math</Filter>
    </ClCompile>
    <ClCompile Include="Effects.cpp">
      <Filter>Helper\Effect</Filter>
    </ClCompile>
    <ClCompile Include="StructHelper.cpp">
      <Filter>Helper\StructHelper</Filter>
    </ClCompile>
    <ClCompile Include="AxisGrid.cpp">
      <Filter>Helper\AxisGrid</Filter>
    </ClCompile>
    <ClCompile Include="GeometryGenerator.cpp">
      <Filter>Helper\GeometryGenerator</Filter>
    </ClCompile>
  </ItemGroup>
  <ItemGroup>
    <FxCompile Include="..\..\Resources\Shader\CDH\Basic.fx">
      <Filter>FX</Filter>
    </FxCompile>
    <FxCompile Include="..\..\Resources\Shader\CDH\color.fx">
      <Filter>FX</Filter>
    </FxCompile>
    <FxCompile Include="..\..\Resources\Shader\CDH\LightHelper.fx">
      <Filter>FX</Filter>
    </FxCompile>
  </ItemGroup>
</Project>