<?xml version="1.0" encoding="utf-8"?>
<Project ToolsVersion="4.0" xmlns="http://schemas.microsoft.com/developer/msbuild/2003">
  <ItemGroup>
    <Filter Include="소스 파일">
      <UniqueIdentifier>{4FC737F1-C7A5-4376-A066-2A32D752A2FF}</UniqueIdentifier>
      <Extensions>cpp;c;cc;cxx;c++;cppm;ixx;def;odl;idl;hpj;bat;asm;asmx</Extensions>
    </Filter>
    <Filter Include="헤더 파일">
      <UniqueIdentifier>{93995380-89BD-4b04-88EB-625FBE52EBFB}</UniqueIdentifier>
      <Extensions>h;hh;hpp;hxx;h++;hm;inl;inc;ipp;xsd</Extensions>
    </Filter>
    <Filter Include="리소스 파일">
      <UniqueIdentifier>{67DA6AB6-F800-4c08-8B7A-83BB121AAD01}</UniqueIdentifier>
      <Extensions>rc;ico;cur;bmp;dlg;rc2;rct;bin;rgs;gif;jpg;jpeg;jpe;resx;tiff;tif;png;wav;mfcribbon-ms</Extensions>
    </Filter>
    <Filter Include="소스 파일\Component">
      <UniqueIdentifier>{8b514139-5108-4f6a-b66a-af7b33cc6560}</UniqueIdentifier>
    </Filter>
    <Filter Include="소스 파일\GameObject">
      <UniqueIdentifier>{388b9a85-dddf-4e4f-9f40-2892677c6441}</UniqueIdentifier>
    </Filter>
    <Filter Include="소스 파일\Manager">
      <UniqueIdentifier>{8c514d5c-7e4f-4c5e-bb8a-6438dbccd094}</UniqueIdentifier>
    </Filter>
    <Filter Include="소스 파일\Component\ComponentBase">
      <UniqueIdentifier>{de7214b3-5118-4f0b-92cb-81c38251b2b1}</UniqueIdentifier>
    </Filter>
    <Filter Include="소스 파일\Component\Transfrom">
      <UniqueIdentifier>{85e0042f-5eda-4ce6-9cac-7a212ad26da6}</UniqueIdentifier>
    </Filter>
    <Filter Include="소스 파일\MainHeader">
      <UniqueIdentifier>{f73757eb-5a6f-4d7b-9396-09c400c48563}</UniqueIdentifier>
    </Filter>
    <Filter Include="소스 파일\Manager\SceneManager">
      <UniqueIdentifier>{a7114667-6fd9-4288-a84a-872390776b42}</UniqueIdentifier>
    </Filter>
    <Filter Include="소스 파일\Manager\DebugManager">
      <UniqueIdentifier>{2ccf28fb-8aa7-4439-b9db-ddcf340c9e62}</UniqueIdentifier>
    </Filter>
    <Filter Include="소스 파일\Manager\ObjectManager">
      <UniqueIdentifier>{1a5ca334-8b08-4aa7-b87b-eb69d8964169}</UniqueIdentifier>
    </Filter>
    <Filter Include="소스 파일\Delegate">
      <UniqueIdentifier>{2acc9f63-4775-495f-ac9b-67423609cfca}</UniqueIdentifier>
    </Filter>
    <Filter Include="소스 파일\Component\MeshFilter">
      <UniqueIdentifier>{e1a8f83a-9fbe-41b2-bcaf-4aaa827116a1}</UniqueIdentifier>
    </Filter>
    <Filter Include="소스 파일\EnumClass">
      <UniqueIdentifier>{4e9cbd6d-d9e3-42b2-a57f-b5fc7614531f}</UniqueIdentifier>
    </Filter>
    <Filter Include="소스 파일\Component\Collider">
      <UniqueIdentifier>{d34d8a60-5880-4358-a416-fe8f2edab2e9}</UniqueIdentifier>
    </Filter>
    <Filter Include="소스 파일\Manager\LoadManager">
      <UniqueIdentifier>{931b4d5c-1b99-4484-b48b-b556ea25b14b}</UniqueIdentifier>
    </Filter>
    <Filter Include="소스 파일\Component\Camera">
      <UniqueIdentifier>{2dd6ee96-a450-48a0-b4e7-8f934ff7a1be}</UniqueIdentifier>
    </Filter>
    <Filter Include="소스 파일\Data">
      <UniqueIdentifier>{5dcb3e99-0855-4943-8b83-e3afc16f9656}</UniqueIdentifier>
    </Filter>
    <Filter Include="소스 파일\Manager\CameraManager">
      <UniqueIdentifier>{a4cefd49-d148-47a2-8470-4b1425e3d9d5}</UniqueIdentifier>
    </Filter>
    <Filter Include="소스 파일\Engine">
      <UniqueIdentifier>{08bc5e81-a29e-42c8-a4f8-d7ad3b9970e6}</UniqueIdentifier>
    </Filter>
    <Filter Include="소스 파일\Engine\GraphicsClass">
      <UniqueIdentifier>{eae1cb74-1f70-430d-b25f-a334f431dc3e}</UniqueIdentifier>
    </Filter>
    <Filter Include="소스 파일\Engine\GameEngine">
      <UniqueIdentifier>{04116a65-6bb9-4e93-895d-39a70b9a06f6}</UniqueIdentifier>
    </Filter>
    <Filter Include="소스 파일\Manager\KeyinputManager">
      <UniqueIdentifier>{a08a0ee9-85c4-4e41-a474-0c2f36fbe5a6}</UniqueIdentifier>
    </Filter>
  </ItemGroup>
  <ItemGroup>
    <ClInclude Include="framework.h">
      <Filter>헤더 파일</Filter>
    </ClInclude>
    <ClInclude Include="GameObject.h">
      <Filter>소스 파일\GameObject</Filter>
    </ClInclude>
    <ClInclude Include="Component.h">
      <Filter>소스 파일\Component\ComponentBase</Filter>
    </ClInclude>
    <ClInclude Include="MainHeader.h">
      <Filter>소스 파일\MainHeader</Filter>
    </ClInclude>
    <ClInclude Include="Scene.h">
      <Filter>소스 파일\Manager\SceneManager</Filter>
    </ClInclude>
    <ClInclude Include="SceneManager.h">
      <Filter>소스 파일\Manager\SceneManager</Filter>
    </ClInclude>
    <ClInclude Include="DebugManager.h">
      <Filter>소스 파일\Manager\DebugManager</Filter>
    </ClInclude>
    <ClInclude Include="Delegate.h">
      <Filter>소스 파일\Delegate</Filter>
    </ClInclude>
    <ClInclude Include="ObjectManager.h">
      <Filter>소스 파일\Manager\ObjectManager</Filter>
    </ClInclude>
    <ClInclude Include="ComponentHeader.h">
      <Filter>헤더 파일</Filter>
    </ClInclude>
    <ClInclude Include="MeshFilter.h">
      <Filter>소스 파일\Component\MeshFilter</Filter>
    </ClInclude>
    <ClInclude Include="EnumClass.h">
      <Filter>소스 파일\EnumClass</Filter>
    </ClInclude>
    <ClInclude Include="LoadManager.h">
      <Filter>소스 파일\Manager\LoadManager</Filter>
    </ClInclude>
    <ClInclude Include="Transform.h">
      <Filter>소스 파일\Component\Transfrom</Filter>
    </ClInclude>
    <ClInclude Include="Camera.h">
      <Filter>소스 파일\Component\Camera</Filter>
    </ClInclude>
    <ClInclude Include="EngineData.h">
      <Filter>소스 파일\Data</Filter>
    </ClInclude>
    <ClInclude Include="ResourcesData.h">
      <Filter>소스 파일\Data</Filter>
    </ClInclude>
    <ClInclude Include="GameEngine.h">
      <Filter>소스 파일\Engine\GameEngine</Filter>
    </ClInclude>
    <ClInclude Include="KeyinputManager.h">
      <Filter>소스 파일\Manager\KeyinputManager</Filter>
    </ClInclude>
    <ClInclude Include="GraphicsEngine.h">
      <Filter>소스 파일\Engine\GraphicsClass</Filter>
    </ClInclude>
  </ItemGroup>
  <ItemGroup>
    <ClCompile Include="dllmain.cpp">
      <Filter>소스 파일</Filter>
    </ClCompile>
    <ClCompile Include="GameObject.cpp">
      <Filter>소스 파일\GameObject</Filter>
    </ClCompile>
    <ClCompile Include="Component.cpp">
      <Filter>소스 파일\Component\ComponentBase</Filter>
    </ClCompile>
    <ClCompile Include="MainHeader.cpp">
      <Filter>소스 파일\MainHeader</Filter>
    </ClCompile>
    <ClCompile Include="Scene.cpp">
      <Filter>소스 파일\Manager\SceneManager</Filter>
    </ClCompile>
    <ClCompile Include="SceneManager.cpp">
      <Filter>소스 파일\Manager\SceneManager</Filter>
    </ClCompile>
    <ClCompile Include="DebugManager.cpp">
      <Filter>소스 파일\Manager\DebugManager</Filter>
    </ClCompile>
    <ClCompile Include="Delegate.cpp">
      <Filter>소스 파일\Delegate</Filter>
    </ClCompile>
    <ClCompile Include="ObjectManager.cpp">
      <Filter>소스 파일\Manager\ObjectManager</Filter>
    </ClCompile>
    <ClCompile Include="MeshFilter.cpp">
      <Filter>소스 파일\Component\MeshFilter</Filter>
    </ClCompile>
    <ClCompile Include="LoadManager.cpp">
      <Filter>소스 파일\Manager\LoadManager</Filter>
    </ClCompile>
    <ClCompile Include="Transform.cpp">
      <Filter>소스 파일\Component\Transfrom</Filter>
    </ClCompile>
    <ClCompile Include="Camera.cpp">
      <Filter>소스 파일\Component\Camera</Filter>
    </ClCompile>
    <ClCompile Include="GraphicsEngine.cpp">
      <Filter>소스 파일\Engine\GraphicsClass</Filter>
    </ClCompile>
    <ClCompile Include="GameEngine.cpp">
      <Filter>소스 파일\Engine\GameEngine</Filter>
    </ClCompile>
    <ClCompile Include="KeyinputManager.cpp">
      <Filter>소스 파일\Manager\KeyinputManager</Filter>
    </ClCompile>
  </ItemGroup>
</Project>